
Microsoft Visual Studio Solution File, Format Version 12.00
# Visual Studio 15
VisualStudioVersion = 15.0.26430.6
MinimumVisualStudioVersion = 10.0.40219.1
Project("{FAE04EC0-301F-11D3-BF4B-00C04F79EFBC}") = "Example01", "Example01\Example01.csproj", "{2CBC9869-C501-4FBB-972B-33859C2A8326}"
EndProject
Project("{FAE04EC0-301F-11D3-BF4B-00C04F79EFBC}") = "PokemonLibrary", "..\PokemonLibrary\PokemonLibrary\PokemonLibrary.csproj", "{21388D86-8A78-45D2-8209-3F8096A21F20}"
EndProject
Project("{FAE04EC0-301F-11D3-BF4B-00C04F79EFBC}") = "Example02", "Example02\Example02.csproj", "{35055561-2D89-4704-BC6F-7B66CA957492}"
EndProject
Project("{FAE04EC0-301F-11D3-BF4B-00C04F79EFBC}") = "Example03", "Example03\Example03.csproj", "{D1308E16-F949-4B57-B906-A7FF28C2FE8F}"
EndProject
Global
	GlobalSection(SolutionConfigurationPlatforms) = preSolution
		Debug|Any CPU = Debug|Any CPU
		Release|Any CPU = Release|Any CPU
	EndGlobalSection
	GlobalSection(ProjectConfigurationPlatforms) = postSolution
		{2CBC9869-C501-4FBB-972B-33859C2A8326}.Debug|Any CPU.ActiveCfg = Debug|Any CPU
		{2CBC9869-C501-4FBB-972B-33859C2A8326}.Debug|Any CPU.Build.0 = Debug|Any CPU
		{2CBC9869-C501-4FBB-972B-33859C2A8326}.Release|Any CPU.ActiveCfg = Release|Any CPU
		{2CBC9869-C501-4FBB-972B-33859C2A8326}.Release|Any CPU.Build.0 = Release|Any CPU
		{21388D86-8A78-45D2-8209-3F8096A21F20}.Debug|Any CPU.ActiveCfg = Debug|Any CPU
		{21388D86-8A78-45D2-8209-3F8096A21F20}.Debug|Any CPU.Build.0 = Debug|Any CPU
		{21388D86-8A78-45D2-8209-3F8096A21F20}.Release|Any CPU.ActiveCfg = Release|Any CPU
		{21388D86-8A78-45D2-8209-3F8096A21F20}.Release|Any CPU.Build.0 = Release|Any CPU
		{35055561-2D89-4704-BC6F-7B66CA957492}.Debug|Any CPU.ActiveCfg = Debug|Any CPU
		{35055561-2D89-4704-BC6F-7B66CA957492}.Debug|Any CPU.Build.0 = Debug|Any CPU
		{35055561-2D89-4704-BC6F-7B66CA957492}.Release|Any CPU.ActiveCfg = Release|Any CPU
		{35055561-2D89-4704-BC6F-7B66CA957492}.Release|Any CPU.Build.0 = Release|Any CPU
		{D1308E16-F949-4B57-B906-A7FF28C2FE8F}.Debug|Any CPU.ActiveCfg = Debug|Any CPU
		{D1308E16-F949-4B57-B906-A7FF28C2FE8F}.Debug|Any CPU.Build.0 = Debug|Any CPU
		{D1308E16-F949-4B57-B906-A7FF28C2FE8F}.Release|Any CPU.ActiveCfg = Release|Any CPU
		{D1308E16-F949-4B57-B906-A7FF28C2FE8F}.Release|Any CPU.Build.0 = Release|Any CPU
	EndGlobalSection
	GlobalSection(SolutionProperties) = preSolution
		HideSolutionNode = FALSE
	EndGlobalSection
EndGlobal
